
Microsoft Visual Studio Solution File, Format Version 12.00
# Visual Studio Version 16
VisualStudioVersion = 16.0.30225.117
MinimumVisualStudioVersion = 10.0.40219.1
Project("{FAE04EC0-301F-11D3-BF4B-00C04F79EFBC}") = "TestConexus.Web", "TestConexus\TestConexus.Web.csproj", "{6973475A-FDEF-4685-B5CB-891165F33394}"
EndProject
Global
	GlobalSection(SolutionConfigurationPlatforms) = preSolution
		Debug|Any CPU = Debug|Any CPU
		Release|Any CPU = Release|Any CPU
	EndGlobalSection
	GlobalSection(ProjectConfigurationPlatforms) = postSolution
		{6973475A-FDEF-4685-B5CB-891165F33394}.Debug|Any CPU.ActiveCfg = Debug|Any CPU
		{6973475A-FDEF-4685-B5CB-891165F33394}.Debug|Any CPU.Build.0 = Debug|Any CPU
		{6973475A-FDEF-4685-B5CB-891165F33394}.Release|Any CPU.ActiveCfg = Release|Any CPU
		{6973475A-FDEF-4685-B5CB-891165F33394}.Release|Any CPU.Build.0 = Release|Any CPU
	EndGlobalSection
	GlobalSection(SolutionProperties) = preSolution
		HideSolutionNode = FALSE
	EndGlobalSection
	GlobalSection(ExtensibilityGlobals) = postSolution
		SolutionGuid = {72F86FDA-B7A4-402F-9016-979A73D211D4}
	EndGlobalSection
EndGlobal
